
Microsoft Visual Studio Solution File, Format Version 12.00
# Visual Studio Version 17
VisualStudioVersion = 17.14.36603.0
MinimumVisualStudioVersion = 10.0.40219.1
Project("{FAE04EC0-301F-11D3-BF4B-00C04F79EFBC}") = "otopark_", "otopark_\otopark_.csproj", "{EDBB6911-0A8A-4A6E-BC69-3CBDCABC1771}"
EndProject
Project("{FAE04EC0-301F-11D3-BF4B-00C04F79EFBC}") = "Otopark.Tests", "Otopark.Tests\Otopark.Tests.csproj", "{7090AD0E-A1B4-45E7-9ABD-E3072A314D09}"
	ProjectSection(ProjectDependencies) = postProject
		{EDBB6911-0A8A-4A6E-BC69-3CBDCABC1771} = {EDBB6911-0A8A-4A6E-BC69-3CBDCABC1771}
	EndProjectSection
EndProject
Global
	GlobalSection(SolutionConfigurationPlatforms) = preSolution
		Debug|Any CPU = Debug|Any CPU
		Release|Any CPU = Release|Any CPU
	EndGlobalSection
	GlobalSection(ProjectConfigurationPlatforms) = postSolution
		{EDBB6911-0A8A-4A6E-BC69-3CBDCABC1771}.Debug|Any CPU.ActiveCfg = Debug|Any CPU
		{EDBB6911-0A8A-4A6E-BC69-3CBDCABC1771}.Debug|Any CPU.Build.0 = Debug|Any CPU
		{EDBB6911-0A8A-4A6E-BC69-3CBDCABC1771}.Release|Any CPU.ActiveCfg = Release|Any CPU
		{EDBB6911-0A8A-4A6E-BC69-3CBDCABC1771}.Release|Any CPU.Build.0 = Release|Any CPU
		{7090AD0E-A1B4-45E7-9ABD-E3072A314D09}.Debug|Any CPU.ActiveCfg = Debug|Any CPU
		{7090AD0E-A1B4-45E7-9ABD-E3072A314D09}.Debug|Any CPU.Build.0 = Debug|Any CPU
		{7090AD0E-A1B4-45E7-9ABD-E3072A314D09}.Release|Any CPU.ActiveCfg = Release|Any CPU
		{7090AD0E-A1B4-45E7-9ABD-E3072A314D09}.Release|Any CPU.Build.0 = Release|Any CPU
	EndGlobalSection
	GlobalSection(SolutionProperties) = preSolution
		HideSolutionNode = FALSE
	EndGlobalSection
	GlobalSection(ExtensibilityGlobals) = postSolution
		SolutionGuid = {B465EACE-17DB-4B50-BC32-00B5DA26D693}
	EndGlobalSection
EndGlobal
